# This file is automatically @generated by Cargo.
# It is not intended for manual editing.
version = 3

[[package]]
name = "elain"
version = "0.3.0"
source = "registry+https://github.com/rust-lang/crates.io-index"
checksum = "3522094fae7d65c8313a135fe45fa7e22ec2110c9d387063b66d235281f7f771"

[[package]]
name = "scoped_thread_local"
version = "0.1.6"
dependencies = [
 "elain",
]
